
Microsoft Visual Studio Solution File, Format Version 12.00
# Visual Studio 15
VisualStudioVersion = 15.0.26730.15
MinimumVisualStudioVersion = 10.0.40219.1
Project("{FAE04EC0-301F-11D3-BF4B-00C04F79EFBC}") = "EasyMigrator", "EasyMigrator\EasyMigrator.csproj", "{89328251-0ED6-4BEB-95BF-E74A37058D30}"
EndProject
Project("{FAE04EC0-301F-11D3-BF4B-00C04F79EFBC}") = "EasyMigrator.Abstractions", "EasyMigrator.Abstractions\EasyMigrator.Abstractions.csproj", "{76CA67CF-B827-4A06-A0B8-811E0D079748}"
EndProject
Project("{FAE04EC0-301F-11D3-BF4B-00C04F79EFBC}") = "TestMigrations", "TestMigrations\TestMigrations.csproj", "{31463F1B-76B8-4570-979A-BC962D09598B}"
EndProject
Global
	GlobalSection(SolutionConfigurationPlatforms) = preSolution
		Debug|Any CPU = Debug|Any CPU
		Release|Any CPU = Release|Any CPU
	EndGlobalSection
	GlobalSection(ProjectConfigurationPlatforms) = postSolution
		{89328251-0ED6-4BEB-95BF-E74A37058D30}.Debug|Any CPU.ActiveCfg = Debug|Any CPU
		{89328251-0ED6-4BEB-95BF-E74A37058D30}.Debug|Any CPU.Build.0 = Debug|Any CPU
		{89328251-0ED6-4BEB-95BF-E74A37058D30}.Release|Any CPU.ActiveCfg = Release|Any CPU
		{89328251-0ED6-4BEB-95BF-E74A37058D30}.Release|Any CPU.Build.0 = Release|Any CPU
		{76CA67CF-B827-4A06-A0B8-811E0D079748}.Debug|Any CPU.ActiveCfg = Debug|Any CPU
		{76CA67CF-B827-4A06-A0B8-811E0D079748}.Debug|Any CPU.Build.0 = Debug|Any CPU
		{76CA67CF-B827-4A06-A0B8-811E0D079748}.Release|Any CPU.ActiveCfg = Release|Any CPU
		{76CA67CF-B827-4A06-A0B8-811E0D079748}.Release|Any CPU.Build.0 = Release|Any CPU
		{31463F1B-76B8-4570-979A-BC962D09598B}.Debug|Any CPU.ActiveCfg = Debug|Any CPU
		{31463F1B-76B8-4570-979A-BC962D09598B}.Debug|Any CPU.Build.0 = Debug|Any CPU
		{31463F1B-76B8-4570-979A-BC962D09598B}.Release|Any CPU.ActiveCfg = Release|Any CPU
		{31463F1B-76B8-4570-979A-BC962D09598B}.Release|Any CPU.Build.0 = Release|Any CPU
	EndGlobalSection
	GlobalSection(SolutionProperties) = preSolution
		HideSolutionNode = FALSE
	EndGlobalSection
	GlobalSection(ExtensibilityGlobals) = postSolution
		SolutionGuid = {CFA7A4B1-5165-4F65-A2AE-D4C076ABC7F6}
	EndGlobalSection
EndGlobal
